
Microsoft Visual Studio Solution File, Format Version 12.00
# Visual Studio Version 16
VisualStudioVersion = 16.0.31424.327
MinimumVisualStudioVersion = 10.0.40219.1
Project("{FAE04EC0-301F-11D3-BF4B-00C04F79EFBC}") = "Delegate", "Delegate\Delegate.csproj", "{9237B59D-83DB-4152-8891-86F08A66FC85}"
EndProject
Project("{FAE04EC0-301F-11D3-BF4B-00C04F79EFBC}") = "Homework", "Homework\Homework.csproj", "{AA7B7079-1720-457E-A7EB-33AE5AA12235}"
EndProject
Global
	GlobalSection(SolutionConfigurationPlatforms) = preSolution
		Debug|Any CPU = Debug|Any CPU
		Release|Any CPU = Release|Any CPU
	EndGlobalSection
	GlobalSection(ProjectConfigurationPlatforms) = postSolution
		{9237B59D-83DB-4152-8891-86F08A66FC85}.Debug|Any CPU.ActiveCfg = Debug|Any CPU
		{9237B59D-83DB-4152-8891-86F08A66FC85}.Debug|Any CPU.Build.0 = Debug|Any CPU
		{9237B59D-83DB-4152-8891-86F08A66FC85}.Release|Any CPU.ActiveCfg = Release|Any CPU
		{9237B59D-83DB-4152-8891-86F08A66FC85}.Release|Any CPU.Build.0 = Release|Any CPU
		{AA7B7079-1720-457E-A7EB-33AE5AA12235}.Debug|Any CPU.ActiveCfg = Debug|Any CPU
		{AA7B7079-1720-457E-A7EB-33AE5AA12235}.Debug|Any CPU.Build.0 = Debug|Any CPU
		{AA7B7079-1720-457E-A7EB-33AE5AA12235}.Release|Any CPU.ActiveCfg = Release|Any CPU
		{AA7B7079-1720-457E-A7EB-33AE5AA12235}.Release|Any CPU.Build.0 = Release|Any CPU
	EndGlobalSection
	GlobalSection(SolutionProperties) = preSolution
		HideSolutionNode = FALSE
	EndGlobalSection
	GlobalSection(ExtensibilityGlobals) = postSolution
		SolutionGuid = {81906405-F5E0-4FEF-87DD-0FCAF29E1562}
	EndGlobalSection
EndGlobal
